
Microsoft Visual Studio Solution File, Format Version 12.00
# Visual Studio 15
VisualStudioVersion = 15.0.28307.539
MinimumVisualStudioVersion = 10.0.40219.1
Project("{888888A0-9F3D-457C-B088-3A5042F75D52}") = "SerialNumberGenerator", "SerialNumberGenerator\SerialNumberGenerator.pyproj", "{64FCA084-66CB-4E6C-9E9D-3AC23D961102}"
EndProject
Global
	GlobalSection(SolutionConfigurationPlatforms) = preSolution
		Debug|Any CPU = Debug|Any CPU
		Release|Any CPU = Release|Any CPU
	EndGlobalSection
	GlobalSection(ProjectConfigurationPlatforms) = postSolution
		{64FCA084-66CB-4E6C-9E9D-3AC23D961102}.Debug|Any CPU.ActiveCfg = Debug|Any CPU
		{64FCA084-66CB-4E6C-9E9D-3AC23D961102}.Debug|Any CPU.Build.0 = Debug|Any CPU
		{64FCA084-66CB-4E6C-9E9D-3AC23D961102}.Release|Any CPU.ActiveCfg = Release|Any CPU
		{64FCA084-66CB-4E6C-9E9D-3AC23D961102}.Release|Any CPU.Build.0 = Release|Any CPU
	EndGlobalSection
	GlobalSection(SolutionProperties) = preSolution
		HideSolutionNode = FALSE
	EndGlobalSection
	GlobalSection(ExtensibilityGlobals) = postSolution
		SolutionGuid = {7EF3AE6F-7DF0-461B-B83F-14F01571D16E}
	EndGlobalSection
EndGlobal
